
Microsoft Visual Studio Solution File, Format Version 12.00
# Visual Studio Version 17
VisualStudioVersion = 17.12.35707.178 d17.12
MinimumVisualStudioVersion = 10.0.40219.1
Project("{FAE04EC0-301F-11D3-BF4B-00C04F79EFBC}") = "Dinet.Api", "Dinet.Api\Dinet.Api.csproj", "{A084CCFF-60A6-44AD-83FA-76FBED883C65}"
EndProject
Global
	GlobalSection(SolutionConfigurationPlatforms) = preSolution
		Debug|Any CPU = Debug|Any CPU
		Release|Any CPU = Release|Any CPU
	EndGlobalSection
	GlobalSection(ProjectConfigurationPlatforms) = postSolution
		{A084CCFF-60A6-44AD-83FA-76FBED883C65}.Debug|Any CPU.ActiveCfg = Debug|Any CPU
		{A084CCFF-60A6-44AD-83FA-76FBED883C65}.Debug|Any CPU.Build.0 = Debug|Any CPU
		{A084CCFF-60A6-44AD-83FA-76FBED883C65}.Release|Any CPU.ActiveCfg = Release|Any CPU
		{A084CCFF-60A6-44AD-83FA-76FBED883C65}.Release|Any CPU.Build.0 = Release|Any CPU
	EndGlobalSection
	GlobalSection(SolutionProperties) = preSolution
		HideSolutionNode = FALSE
	EndGlobalSection
EndGlobal
